
Microsoft Visual Studio Solution File, Format Version 12.00
# Visual Studio 2013
VisualStudioVersion = 12.0.30501.0
MinimumVisualStudioVersion = 10.0.40219.1
Project("{FAE04EC0-301F-11D3-BF4B-00C04F79EFBC}") = "CentaurFactory.Model", "CentaurFactory.Model\CentaurFactory.Model.csproj", "{1131DE1E-4A90-4C68-A123-3F43F060367E}"
EndProject
Project("{FAE04EC0-301F-11D3-BF4B-00C04F79EFBC}") = "CentaurFactory.Data", "CentaurFactory.Data\CentaurFactory.Data.csproj", "{7ED45EC2-CBBA-4AAA-A9A4-861BF1CF474A}"
EndProject
Project("{FAE04EC0-301F-11D3-BF4B-00C04F79EFBC}") = "CentaurFactory.ConsoleClient", "CentaurFactory.ConsoleClient\CentaurFactory.ConsoleClient.csproj", "{A55B052D-2E6A-4B31-8100-B6B470FFA189}"
EndProject
Project("{FAE04EC0-301F-11D3-BF4B-00C04F79EFBC}") = "CentaurFactory.MongoDbProvider", "MongoDbProvider\CentaurFactory.MongoDbProvider.csproj", "{832D1A40-23B8-430E-8E55-96995957BEE5}"
EndProject
Project("{FAE04EC0-301F-11D3-BF4B-00C04F79EFBC}") = "CentaurFactory.ExcelModel", "CentaurFactory.ExcelModel\CentaurFactory.ExcelModel.csproj", "{EFFB95EB-E5DC-4EDB-8562-C861FD35C351}"
EndProject
Global
	GlobalSection(SolutionConfigurationPlatforms) = preSolution
		Debug|Any CPU = Debug|Any CPU
		Release|Any CPU = Release|Any CPU
	EndGlobalSection
	GlobalSection(ProjectConfigurationPlatforms) = postSolution
		{1131DE1E-4A90-4C68-A123-3F43F060367E}.Debug|Any CPU.ActiveCfg = Debug|Any CPU
		{1131DE1E-4A90-4C68-A123-3F43F060367E}.Debug|Any CPU.Build.0 = Debug|Any CPU
		{1131DE1E-4A90-4C68-A123-3F43F060367E}.Release|Any CPU.ActiveCfg = Release|Any CPU
		{1131DE1E-4A90-4C68-A123-3F43F060367E}.Release|Any CPU.Build.0 = Release|Any CPU
		{7ED45EC2-CBBA-4AAA-A9A4-861BF1CF474A}.Debug|Any CPU.ActiveCfg = Debug|Any CPU
		{7ED45EC2-CBBA-4AAA-A9A4-861BF1CF474A}.Debug|Any CPU.Build.0 = Debug|Any CPU
		{7ED45EC2-CBBA-4AAA-A9A4-861BF1CF474A}.Release|Any CPU.ActiveCfg = Release|Any CPU
		{7ED45EC2-CBBA-4AAA-A9A4-861BF1CF474A}.Release|Any CPU.Build.0 = Release|Any CPU
		{A55B052D-2E6A-4B31-8100-B6B470FFA189}.Debug|Any CPU.ActiveCfg = Debug|Any CPU
		{A55B052D-2E6A-4B31-8100-B6B470FFA189}.Debug|Any CPU.Build.0 = Debug|Any CPU
		{A55B052D-2E6A-4B31-8100-B6B470FFA189}.Release|Any CPU.ActiveCfg = Release|Any CPU
		{A55B052D-2E6A-4B31-8100-B6B470FFA189}.Release|Any CPU.Build.0 = Release|Any CPU
		{832D1A40-23B8-430E-8E55-96995957BEE5}.Debug|Any CPU.ActiveCfg = Debug|Any CPU
		{832D1A40-23B8-430E-8E55-96995957BEE5}.Debug|Any CPU.Build.0 = Debug|Any CPU
		{832D1A40-23B8-430E-8E55-96995957BEE5}.Release|Any CPU.ActiveCfg = Release|Any CPU
		{832D1A40-23B8-430E-8E55-96995957BEE5}.Release|Any CPU.Build.0 = Release|Any CPU
		{EFFB95EB-E5DC-4EDB-8562-C861FD35C351}.Debug|Any CPU.ActiveCfg = Debug|Any CPU
		{EFFB95EB-E5DC-4EDB-8562-C861FD35C351}.Debug|Any CPU.Build.0 = Debug|Any CPU
		{EFFB95EB-E5DC-4EDB-8562-C861FD35C351}.Release|Any CPU.ActiveCfg = Release|Any CPU
		{EFFB95EB-E5DC-4EDB-8562-C861FD35C351}.Release|Any CPU.Build.0 = Release|Any CPU
	EndGlobalSection
	GlobalSection(SolutionProperties) = preSolution
		HideSolutionNode = FALSE
	EndGlobalSection
EndGlobal
